{
  "name": "madilium-landing",
  "version": "0.0.0",
  "lockfileVersion": 3,
  "requires": true,
  "packages": {
    "": {
      "name": "madilium-landing",
      "version": "0.0.0",
      "type": "module",
      "dependencies": {
        "@google/genai": "^1.33.0",
        "lucide-react": "^0.561.0",
        "react": "^18.2.0",
        "react-dom": "^18.2.0"
      },
      "devDependencies": {
        "@types/react": "^18.2.66",
        "@types/react-dom": "^18.2.22",
        "@vitejs/plugin-react": "^4.2.1",
        "typescript": "^5.2.2",
        "vite": "^5.2.0"
      }
    },
    "node_modules/@babel/runtime": {
      "version": "7.24.8",
      "resolved": "https://registry.npmjs.org/@babel/runtime/-/runtime-7.24.8.tgz",
      "integrity": "sha512-Y3fB6A22e0nS23z3fGLfgCRHqUPvTWMx1aV02h5+tVqk/rQG82s3B2pQF8/3mJHDWC+d4S9mxD2mPxvfl2u4cQ==",
      "dependencies": {
        "regenerator-runtime": "^0.14.0"
      },
      "engines": {
        "node": ">=6.9.0"
      }
    },
    "node_modules/@google/genai": {
      "version": "1.33.0",
      "resolved": "https://registry.npmjs.org/@google/genai/-/genai-1.33.0.tgz",
      "integrity": "sha512-rK7X/O6Jb2V8t43HnBvQfS1194A/L3d3/52eWjQ6O//0x/bSg1Tcw/M/v56wV/y7yU+1rB31iN8nEA==",
      "dependencies": {
        "@babel/runtime": "^7.23.2"
      },
      "engines": {
        "node": ">=18.0.0"
      }
    },
    "node_modules/@types/node": {
      "version": "20.14.10",
      "resolved": "https://registry.npmjs.org/@types/node/-/node-20.14.10.tgz",
      "integrity": "sha512-MdiXf+nDuMvY0gL63U3GTBq58fE3eU5B30wE8Jbpt33IeBOiV54zP/mRAxCl23I22d3G0g3ZJ2/n027E5eAnbQ==",
      "dev": true,
      "dependencies": {
        "undici-types": "~5.26.4"
      }
    },
    "node_modules/@types/prop-types": {
      "version": "15.7.12",
      "resolved": "https://registry.npmjs.org/@types/prop-types/-/prop-types-15.7.12.tgz",
      "integrity": "sha512-5zvhXYS3icfNlvmqgAB8oVz9M32vJ8sHbxP6iUSz4kEOTAlC82121fNWCVcQEYrIY1n93l2LV99A02r9V4seow==",
      "dev": true
    },
    "node_modules/@types/react": {
      "version": "18.3.3",
      "resolved": "https://registry.npmjs.org/@types/react/-/react-18.3.3.tgz",
      "integrity": "sha512-hti/R0pS0q1/xx+TsI73XIqk26eIeL7GxFzCK/bH8V2pk3zxPj3u3oPMEvS12TwRKHSt2iB9StwB8e/58DQ==",
      "dev": true,
      "dependencies": {
        "@types/prop-types": "*",
        "csstype": "^3.0.2"
      }
    },
    "node_modules/@types/react-dom": {
      "version": "18.3.0",
      "resolved": "https://registry.npmjs.org/@types/react-dom/-/react-dom-18.3.0.tgz",
      "integrity": "sha512-EhwApuTmMBmNv323fFf3iUd4D0P5w+kCx2hCysOUb4p2Ed4hifG4t2d63kXwL2kC1tB/52/s0n5Qf4TjOA8Axg==",
      "dev": true,
      "dependencies": {
        "@types/react": "*"
      }
    },
    "node_modules/@vitejs/plugin-react": {
      "version": "4.3.1",
      "resolved": "https://registry.npmjs.org/@vitejs/plugin-react/-/plugin-react-4.3.1.tgz",
      "integrity": "sha512-sHExDu4hH21N3f8D8O/5fJ2i2u5tqAUEtHVO3f25h2yM113dI3xUuimPCEwF3Ff52T3BHEI6wD2t6n/p3S/XQ==",
      "dev": true,
      "dependencies": {
        "@babel/core": "^7.22.9",
        "@babel/plugin-transform-react-jsx-develo-pment": "^7.22.5",
        "react-refresh": "^0.14.0"
      },
      "engines": {
        "node": ">=18.0.0"
      },
      "peerDependencies": {
        "react": "^18.2.0",
        "vite": "^4.4.0 || ^5.0.0"
      }
    },
    "node_modules/csstype": {
      "version": "3.1.3",
      "resolved": "https://registry.npmjs.org/csstype/-/csstype-3.1.3.tgz",
      "integrity": "sha512-MgnvksCVUIWRrK3GvNrnMLgqtH+EAbOTG9Kl4FpQLevNfsld9qs/2A6Q6gM1SSr7MAV6nyrIYMAbeBPo6d+gA9g==",
      "dev": true
    },
    "node_modules/js-tokens": {
      "version": "4.0.0",
      "resolved": "https://registry.npmjs.org/js-tokens/-/js-tokens-4.0.0.tgz",
      "integrity": "sha512-RdJUflcE3cUzKiMqQgsCu06FPu9UdIJO0beYbPhHN4k6apgJtifcoCtT9bcxOpYBtpD2kCM6Sbzg4CausW/PKQ=="
    },
    "node_modules/loose-envify": {
      "version": "1.4.0",
      "resolved": "https://registry.npmjs.org/loose-envify/-/loose-envify-1.4.0.tgz",
      "integrity": "sha512-lyuxPGr/Wfhrlem2CL/UcnUc1zcqKAImBDzukY7Y5F/yQiNdko6+fRLevlw1HgMySw7f611UIY408EtxRSoK3Q==",
      "dependencies": {
        "js-tokens": "^3.0.0 || ^4.0.0"
      },
      "bin": {
        "loose-envify": "cli.js"
      }
    },
    "node_modules/lucide-react": {
      "version": "0.561.0",
      "resolved": "https://registry.npmjs.org/lucide-react/-/lucide-react-0.561.0.tgz",
      "integrity": "sha512-Y30qXzB+F/r/OIGL/d9h4u+p75G6wDwsxM642S7wXUj4809Z5bM6wW1SVi5zSj4jD0iL9n/wA+YwYdJzlg==",
      "peerDependencies": {
        "react": ">=17"
      }
    },
    "node_modules/react": {
      "version": "18.3.1",
      "resolved": "https://registry.npmjs.org/react/-/react-18.3.1.tgz",
      "integrity": "sha512-wS+hAgJShR0KhEv7A+S7m1gD1GunvlC+s5V+2wbifHPp95OPCiiWYJc+3HEhp9Xhq6gUbGObu6LdPwyoQDsrQw==",
      "dependencies": {
        "loose-envify": "^1.1.0"
      },
      "engines": {
        "node": ">=0.10.0"
      }
    },
    "node_modules/react-dom": {
      "version": "18.3.1",
      "resolved": "https://registry.npmjs.org/react-dom/-/react-dom-18.3.1.tgz",
      "integrity": "sha512-5m4nQKp+rZRb09LNH59GM4BxTh9251/16P+bVI24jGNaWlOK0/aeqiX6SfsT73M-0eMhsU1bb0o1hZNv/lZIjw==",
      "dependencies": {
        "loose-envify": "^1.1.0",
        "scheduler": "^0.23.2"
      },
      "peerDependencies": {
        "react": "^18.3.1"
      }
    },
    "node_modules/react-refresh": {
      "version": "0.14.2",
      "resolved": "https://registry.npmjs.org/react-refresh/-/react-refresh-0.14.2.tgz",
      "integrity": "sha512-1W5OguK0bM04q/Jgrzx25QoB1stq25+Q2Q8u9vSyfr9tsf5HcM1gXvrpT9tBylhH0yO7gD20bGE1s3Yza9e4Cw==",
      "dev": true,
      "engines": {
        "node": ">=0.10.0"
      }
    },
    "node_modules/regenerator-runtime": {
      "version": "0.14.1",
      "resolved": "https://registry.npmjs.org/regenerator-runtime/-/regenerator-runtime-0.14.1.tgz",
      "integrity": "sha512-dYnhHh0nJoMfnkZs6GmmhFknAGRrLznOu5nc9ML+EJxGvrx6H7teuevqVqCuPcPK//3eDrrjQhehXVx9cnkGdw=="
    },
    "node_modules/rollup": {
      "version": "4.18.1",
      "resolved": "https://registry.npmjs.org/rollup/-/rollup-4.18.1.tgz",
      "integrity": "sha512-aMh+21LsBL89a6L+y+2s9n8HkHqfwwjkoSqQ3y3t4zTeiSc3LHoee9I+e+pYj4P3j3aauk0V0L2WdM1s3uK+5w==",
      "dev": true,
      "bin": {
        "rollup": "dist/bin/rollup"
      },
      "engines": {
        "node": ">=18.0.0",
        "npm": ">=8.0.0"
      },
      "optionalDependencies": {
        "@rollup/rollup-android-arm-eabi": "4.18.1",
        "@rollup/rollup-android-arm64": "4.18.1",
        "@rollup/rollup-darwin-arm64": "4.18.1",
        "@rollup/rollup-darwin-x64": "4.18.1",
        "@rollup/rollup-linux-arm-gnueabihf": "4.18.1",
        "@rollup/rollup-linux-arm64-gnu": "4.18.1",
        "@rollup/rollup-linux-arm64-musl": "4.18.1",
        "@rollup/rollup-linux-x64-gnu": "4.18.1",
        "@rollup/rollup-linux-x64-musl": "4.18.1",
        "@rollup/rollup-win32-arm64-msvc": "4.18.1",
        "@rollup/rollup-win32-ia32-msvc": "4.18.1",
        "@rollup/rollup-win32-x64-msvc": "4.18.1"
      }
    },
    "node_modules/scheduler": {
      "version": "0.23.2",
      "resolved": "https://registry.npmjs.org/scheduler/-/scheduler-0.23.2.tgz",
      "integrity": "sha512-EaCxDggTCeyQgrbMh3C2vADk6iF2M1f/n3FXPch/i2i2y+5R3i4aavA/oWxYf2T3aO/4oP7yDJ4t2r3F/L3bUg==",
      "dependencies": {
        "loose-envify": "^1.1.0"
      }
    },
    "node_modules/source-map-js": {
      "version": "1.2.0",
      "resolved": "https://registry.npmjs.org/source-map-js/-/source-map-js-1.2.0.tgz",
      "integrity": "sha512-it++6eN4H60ikwB5kO3eFeD8m0LAd9eL2d+20sA2FRe9/Jof2Pvch6k4/i+Hk41P8f/sx/iYxK/t3QZCbJ1Ziw==",
      "dev": true,
      "engines": {
        "node": ">=0.10.0"
      }
    },
    "node_modules/typescript": {
      "version": "5.5.3",
      "resolved": "https://registry.npmjs.org/typescript/-/typescript-5.5.3.tgz",
      "integrity": "sha512-Pts3s4P4H3/OLi22bnkyxI954l0sBJu+gnN3a26aWrD1ZW/WjJ6Kx7k/3h3c9d74L/d5G5o5b7V2Lbg8Jf/vLw==",
      "dev": true,
      "bin": {
        "tsc": "bin/tsc",
        "tsserver": "bin/tsserver"
      },
      "engines": {
        "node": ">=14.17"
      }
    },
    "node_modules/undici-types": {
      "version": "5.26.5",
      "resolved": "https://registry.npmjs.org/undici-types/-/undici-types-5.26.5.tgz",
      "integrity": "sha512-gjM/pB+4vQ9S+cK8G2O1Pinter2BtzhPykRabI2v9EDNe0FST2DkuzxNLoATr4J3GScpck0vactm9Ab0Y5p72eA==",
      "dev": true
    },
    "node_modules/vite": {
      "version": "5.3.3",
      "resolved": "https://registry.npmjs.org/vite/-/vite-5.3.3.tgz",
      "integrity": "sha512-8nFVZ0roK1DAvYdw2AfI6YmB11KAn3wZ4G2mHn3jpiiS2dYWyNJ02Z1+2c5bEC2yBXZyI0o57zKj4rI/+EToBw==",
      "dev": true,
      "dependencies": {
        "esbuild": "^0.21.3",
        "postcss": "^8.4.38",
        "rollup": "^4.17.2"
      },
      "bin": {
        "vite": "bin/vite.js"
      },
      "engines": {
        "node": "^18.0.0 || >=20.0.0"
      },
      "funding": {
        "url": "https://github.com/sponsors/yyx990803"
      },
      "optionalDependencies": {
        "fsevents": "~2.3.3"
      },
      "peerDependencies": {
        "@types/node": ">=18.0.0",
        "sass": "*",
        "terser": "^5.29.1"
      },
      "peerDependenciesMeta": {
        "@types/node": {
          "optional": true
        },
        "sass": {
          "optional": true
        },
        "terser": {
          "optional": true
        }
      }
    }
  }
}
